
Microsoft Visual Studio Solution File, Format Version 12.00
# Visual Studio Version 17
VisualStudioVersion = 17.14.36127.28 d17.14
MinimumVisualStudioVersion = 10.0.40219.1
Project("{FAE04EC0-301F-11D3-BF4B-00C04F79EFBC}") = "APPMovies", "APPMovies\APPMovies.csproj", "{A68CD195-E368-41B0-BD2C-311C20976211}"
EndProject
Global
	GlobalSection(SolutionConfigurationPlatforms) = preSolution
		Debug|Any CPU = Debug|Any CPU
		Release|Any CPU = Release|Any CPU
	EndGlobalSection
	GlobalSection(ProjectConfigurationPlatforms) = postSolution
		{A68CD195-E368-41B0-BD2C-311C20976211}.Debug|Any CPU.ActiveCfg = Debug|Any CPU
		{A68CD195-E368-41B0-BD2C-311C20976211}.Debug|Any CPU.Build.0 = Debug|Any CPU
		{A68CD195-E368-41B0-BD2C-311C20976211}.Release|Any CPU.ActiveCfg = Release|Any CPU
		{A68CD195-E368-41B0-BD2C-311C20976211}.Release|Any CPU.Build.0 = Release|Any CPU
	EndGlobalSection
	GlobalSection(SolutionProperties) = preSolution
		HideSolutionNode = FALSE
	EndGlobalSection
	GlobalSection(ExtensibilityGlobals) = postSolution
		SolutionGuid = {3CC030D4-742C-4E16-92A8-08471904AD82}
	EndGlobalSection
EndGlobal
